
Microsoft Visual Studio Solution File, Format Version 12.00
# Visual Studio Version 17
VisualStudioVersion = 17.5.002.0
MinimumVisualStudioVersion = 10.0.40219.1
Project("{9A19103F-16F7-4668-BE54-9A1E7A4F7556}") = "TetrisC", "TetrisC.csproj", "{188BFB49-0993-454A-9B12-480224D187BA}"
EndProject
Global
	GlobalSection(SolutionConfigurationPlatforms) = preSolution
		Debug|Any CPU = Debug|Any CPU
		Release|Any CPU = Release|Any CPU
	EndGlobalSection
	GlobalSection(ProjectConfigurationPlatforms) = postSolution
		{188BFB49-0993-454A-9B12-480224D187BA}.Debug|Any CPU.ActiveCfg = Debug|Any CPU
		{188BFB49-0993-454A-9B12-480224D187BA}.Debug|Any CPU.Build.0 = Debug|Any CPU
		{188BFB49-0993-454A-9B12-480224D187BA}.Release|Any CPU.ActiveCfg = Release|Any CPU
		{188BFB49-0993-454A-9B12-480224D187BA}.Release|Any CPU.Build.0 = Release|Any CPU
	EndGlobalSection
	GlobalSection(SolutionProperties) = preSolution
		HideSolutionNode = FALSE
	EndGlobalSection
	GlobalSection(ExtensibilityGlobals) = postSolution
		SolutionGuid = {C8E9C347-9E65-42C2-82BB-181506EF7610}
	EndGlobalSection
EndGlobal
